
Microsoft Visual Studio Solution File, Format Version 12.00
# Visual Studio Version 17
VisualStudioVersion = 17.7.34031.279
MinimumVisualStudioVersion = 10.0.40219.1
Project("{FAE04EC0-301F-11D3-BF4B-00C04F79EFBC}") = "lab7", "lab7\lab7.csproj", "{A5665398-3722-4E90-9847-780B69054EB5}"
EndProject
Project("{FAE04EC0-301F-11D3-BF4B-00C04F79EFBC}") = "lab7_task_1", "lab7_task_1\lab7_task_1.csproj", "{6F0ACB08-B4AD-4358-AC62-30BF73956D96}"
EndProject
Global
	GlobalSection(SolutionConfigurationPlatforms) = preSolution
		Debug|Any CPU = Debug|Any CPU
		Release|Any CPU = Release|Any CPU
	EndGlobalSection
	GlobalSection(ProjectConfigurationPlatforms) = postSolution
		{A5665398-3722-4E90-9847-780B69054EB5}.Debug|Any CPU.ActiveCfg = Debug|Any CPU
		{A5665398-3722-4E90-9847-780B69054EB5}.Debug|Any CPU.Build.0 = Debug|Any CPU
		{A5665398-3722-4E90-9847-780B69054EB5}.Release|Any CPU.ActiveCfg = Release|Any CPU
		{A5665398-3722-4E90-9847-780B69054EB5}.Release|Any CPU.Build.0 = Release|Any CPU
		{6F0ACB08-B4AD-4358-AC62-30BF73956D96}.Debug|Any CPU.ActiveCfg = Debug|Any CPU
		{6F0ACB08-B4AD-4358-AC62-30BF73956D96}.Debug|Any CPU.Build.0 = Debug|Any CPU
		{6F0ACB08-B4AD-4358-AC62-30BF73956D96}.Release|Any CPU.ActiveCfg = Release|Any CPU
		{6F0ACB08-B4AD-4358-AC62-30BF73956D96}.Release|Any CPU.Build.0 = Release|Any CPU
	EndGlobalSection
	GlobalSection(SolutionProperties) = preSolution
		HideSolutionNode = FALSE
	EndGlobalSection
	GlobalSection(ExtensibilityGlobals) = postSolution
		SolutionGuid = {C8DFA7FC-3880-4ABF-B056-E4A8F169BC48}
	EndGlobalSection
EndGlobal
